
Microsoft Visual Studio Solution File, Format Version 12.00
# Visual Studio Version 17
VisualStudioVersion = 17.8.34322.80
MinimumVisualStudioVersion = 10.0.40219.1
Project("{FAE04EC0-301F-11D3-BF4B-00C04F79EFBC}") = "TriangleRendering", "TriangleRendering\TriangleRendering.csproj", "{3CD6843D-6B5F-4DEC-8AA5-B1D5590F35F0}"
EndProject
Global
	GlobalSection(SolutionConfigurationPlatforms) = preSolution
		Debug|Any CPU = Debug|Any CPU
		Release|Any CPU = Release|Any CPU
	EndGlobalSection
	GlobalSection(ProjectConfigurationPlatforms) = postSolution
		{3CD6843D-6B5F-4DEC-8AA5-B1D5590F35F0}.Debug|Any CPU.ActiveCfg = Debug|Any CPU
		{3CD6843D-6B5F-4DEC-8AA5-B1D5590F35F0}.Debug|Any CPU.Build.0 = Debug|Any CPU
		{3CD6843D-6B5F-4DEC-8AA5-B1D5590F35F0}.Release|Any CPU.ActiveCfg = Release|Any CPU
		{3CD6843D-6B5F-4DEC-8AA5-B1D5590F35F0}.Release|Any CPU.Build.0 = Release|Any CPU
	EndGlobalSection
	GlobalSection(SolutionProperties) = preSolution
		HideSolutionNode = FALSE
	EndGlobalSection
	GlobalSection(ExtensibilityGlobals) = postSolution
		SolutionGuid = {35D5BE66-E576-4411-8FB5-7EBB95D1B699}
	EndGlobalSection
EndGlobal
